
Microsoft Visual Studio Solution File, Format Version 12.00
# Visual Studio 2012
Project("{FAE04EC0-301F-11D3-BF4B-00C04F79EFBC}") = "Operator Overloading.Exception", "..\Operator Overloading.Exception\ClassLibrary1\Operator Overloading.Exception.csproj", "{A7F4E72C-C05E-4E69-AE2A-E2668A2D6578}"
EndProject
Project("{FAE04EC0-301F-11D3-BF4B-00C04F79EFBC}") = "Operator Overloading.Model", "..\Operator Overloading.Model\Operator Overloading.Model.csproj", "{7504C325-C447-4F43-AA49-ACF8007FD074}"
EndProject
Project("{FAE04EC0-301F-11D3-BF4B-00C04F79EFBC}") = "Operator Overloading.Host", "ConsoleApplication1\Operator Overloading.Host.csproj", "{EE087252-A859-4001-8520-E09599E45E73}"
EndProject
Global
	GlobalSection(SolutionConfigurationPlatforms) = preSolution
		Debug|Any CPU = Debug|Any CPU
		Release|Any CPU = Release|Any CPU
	EndGlobalSection
	GlobalSection(ProjectConfigurationPlatforms) = postSolution
		{A7F4E72C-C05E-4E69-AE2A-E2668A2D6578}.Debug|Any CPU.ActiveCfg = Debug|Any CPU
		{A7F4E72C-C05E-4E69-AE2A-E2668A2D6578}.Debug|Any CPU.Build.0 = Debug|Any CPU
		{A7F4E72C-C05E-4E69-AE2A-E2668A2D6578}.Release|Any CPU.ActiveCfg = Release|Any CPU
		{A7F4E72C-C05E-4E69-AE2A-E2668A2D6578}.Release|Any CPU.Build.0 = Release|Any CPU
		{7504C325-C447-4F43-AA49-ACF8007FD074}.Debug|Any CPU.ActiveCfg = Debug|Any CPU
		{7504C325-C447-4F43-AA49-ACF8007FD074}.Debug|Any CPU.Build.0 = Debug|Any CPU
		{7504C325-C447-4F43-AA49-ACF8007FD074}.Release|Any CPU.ActiveCfg = Release|Any CPU
		{7504C325-C447-4F43-AA49-ACF8007FD074}.Release|Any CPU.Build.0 = Release|Any CPU
		{EE087252-A859-4001-8520-E09599E45E73}.Debug|Any CPU.ActiveCfg = Debug|Any CPU
		{EE087252-A859-4001-8520-E09599E45E73}.Debug|Any CPU.Build.0 = Debug|Any CPU
		{EE087252-A859-4001-8520-E09599E45E73}.Release|Any CPU.ActiveCfg = Release|Any CPU
		{EE087252-A859-4001-8520-E09599E45E73}.Release|Any CPU.Build.0 = Release|Any CPU
	EndGlobalSection
	GlobalSection(SolutionProperties) = preSolution
		HideSolutionNode = FALSE
	EndGlobalSection
EndGlobal
