
Microsoft Visual Studio Solution File, Format Version 12.00
# Visual Studio 2012
Project("{FAE04EC0-301F-11D3-BF4B-00C04F79EFBC}") = "Tavisca.Reflection.Host", "Tavisca.Reflection.Host\Tavisca.Reflection.Host.csproj", "{3945E3BA-69AF-4A20-8FC1-0D3BB756335E}"
EndProject
Project("{FAE04EC0-301F-11D3-BF4B-00C04F79EFBC}") = "Tavisca.Attributes", "Tavisca.Attributes\Tavisca.Attributes.csproj", "{83B88E99-99C5-4FA3-916E-8EFF673DF2EE}"
EndProject
Project("{FAE04EC0-301F-11D3-BF4B-00C04F79EFBC}") = "Tavisca.TestFixture", "Tavisca.TestFixture\Tavisca.TestFixture.csproj", "{6105821C-C56D-430B-8E81-1A3CD92AEC4B}"
EndProject
Global
	GlobalSection(SolutionConfigurationPlatforms) = preSolution
		Debug|Any CPU = Debug|Any CPU
		Release|Any CPU = Release|Any CPU
	EndGlobalSection
	GlobalSection(ProjectConfigurationPlatforms) = postSolution
		{3945E3BA-69AF-4A20-8FC1-0D3BB756335E}.Debug|Any CPU.ActiveCfg = Debug|Any CPU
		{3945E3BA-69AF-4A20-8FC1-0D3BB756335E}.Debug|Any CPU.Build.0 = Debug|Any CPU
		{3945E3BA-69AF-4A20-8FC1-0D3BB756335E}.Release|Any CPU.ActiveCfg = Release|Any CPU
		{3945E3BA-69AF-4A20-8FC1-0D3BB756335E}.Release|Any CPU.Build.0 = Release|Any CPU
		{83B88E99-99C5-4FA3-916E-8EFF673DF2EE}.Debug|Any CPU.ActiveCfg = Debug|Any CPU
		{83B88E99-99C5-4FA3-916E-8EFF673DF2EE}.Debug|Any CPU.Build.0 = Debug|Any CPU
		{83B88E99-99C5-4FA3-916E-8EFF673DF2EE}.Release|Any CPU.ActiveCfg = Release|Any CPU
		{83B88E99-99C5-4FA3-916E-8EFF673DF2EE}.Release|Any CPU.Build.0 = Release|Any CPU
		{6105821C-C56D-430B-8E81-1A3CD92AEC4B}.Debug|Any CPU.ActiveCfg = Debug|Any CPU
		{6105821C-C56D-430B-8E81-1A3CD92AEC4B}.Debug|Any CPU.Build.0 = Debug|Any CPU
		{6105821C-C56D-430B-8E81-1A3CD92AEC4B}.Release|Any CPU.ActiveCfg = Release|Any CPU
		{6105821C-C56D-430B-8E81-1A3CD92AEC4B}.Release|Any CPU.Build.0 = Release|Any CPU
	EndGlobalSection
	GlobalSection(SolutionProperties) = preSolution
		HideSolutionNode = FALSE
	EndGlobalSection
EndGlobal
