
Microsoft Visual Studio Solution File, Format Version 12.00
# Visual Studio 2012
Project("{FAE04EC0-301F-11D3-BF4B-00C04F79EFBC}") = "OperatorOverloading.Host", "..\OperatorOverloading.Host\OperatorOverloading.Host.csproj", "{1DB5C03F-DD68-4D99-AF4A-D5E7E4D64C8C}"
EndProject
Global
	GlobalSection(SolutionConfigurationPlatforms) = preSolution
		Debug|Any CPU = Debug|Any CPU
		Release|Any CPU = Release|Any CPU
	EndGlobalSection
	GlobalSection(ProjectConfigurationPlatforms) = postSolution
		{1DB5C03F-DD68-4D99-AF4A-D5E7E4D64C8C}.Debug|Any CPU.ActiveCfg = Debug|Any CPU
		{1DB5C03F-DD68-4D99-AF4A-D5E7E4D64C8C}.Debug|Any CPU.Build.0 = Debug|Any CPU
		{1DB5C03F-DD68-4D99-AF4A-D5E7E4D64C8C}.Release|Any CPU.ActiveCfg = Release|Any CPU
		{1DB5C03F-DD68-4D99-AF4A-D5E7E4D64C8C}.Release|Any CPU.Build.0 = Release|Any CPU
	EndGlobalSection
	GlobalSection(SolutionProperties) = preSolution
		HideSolutionNode = FALSE
	EndGlobalSection
EndGlobal
